
Microsoft Visual Studio Solution File, Format Version 12.00
# Visual Studio 2010
Project("{FAE04EC0-301F-11D3-BF4B-00C04F79EFBC}") = "Suporte", "Suporte\Suporte.csproj", "{C8AF96AA-5FBD-403A-9DC4-8E9B20395ED2}"
EndProject
Project("{FAE04EC0-301F-11D3-BF4B-00C04F79EFBC}") = "Suporte.Criptografia", "Suporte.Criptografia\Suporte.Criptografia.csproj", "{07931EAE-6369-4C53-8363-D3617217BEFE}"
EndProject
Project("{FAE04EC0-301F-11D3-BF4B-00C04F79EFBC}") = "Suporte.Texto", "Suporte.Texto\Suporte.Texto.csproj", "{082379BD-53C2-4BE4-968E-254BF6E3B50F}"
EndProject
Project("{FAE04EC0-301F-11D3-BF4B-00C04F79EFBC}") = "Suporte.Web", "Suporte.Web\Suporte.Web.csproj", "{BD91F2A9-ED55-453A-9A73-3960479F77B1}"
EndProject
Project("{FAE04EC0-301F-11D3-BF4B-00C04F79EFBC}") = "Suporte.Validador", "Suporte.Validador\Suporte.Validador.csproj", "{E8FBF2B2-119D-41F7-8662-6866559DFC3D}"
EndProject
Project("{FAE04EC0-301F-11D3-BF4B-00C04F79EFBC}") = "Suporte.IO.PastasEArquivos", "Suporte.IO.PastasEArquivos\Suporte.IO.PastasEArquivos.csproj", "{9C26EF12-A6BB-4C08-9524-85E829A60714}"
EndProject
Project("{FAE04EC0-301F-11D3-BF4B-00C04F79EFBC}") = "Suporte.Xml", "Suporte.Xml\Suporte.Xml.csproj", "{12392677-5F03-4EEC-ACEB-86ED4C2A6026}"
EndProject
Project("{FAE04EC0-301F-11D3-BF4B-00C04F79EFBC}") = "Suporte.Configuracao", "Suporte.Configuracao\Suporte.Configuracao.csproj", "{64E8E9C5-E990-4A67-8564-1A3C32C117B8}"
EndProject
Project("{FAE04EC0-301F-11D3-BF4B-00C04F79EFBC}") = "Suporte.Petrobras", "Suporte.Petrobras\Suporte.Petrobras.csproj", "{AD26826C-FFEC-4101-B7F9-8317303A0A92}"
EndProject
Project("{FAE04EC0-301F-11D3-BF4B-00C04F79EFBC}") = "Suporte.BancoDeDados.FireBird", "Suporte.BancoDeDados.FireBird\Suporte.BancoDeDados.FireBird.csproj", "{AC3B6608-6B58-49B4-83C4-7ED834B0B817}"
EndProject
Project("{FAE04EC0-301F-11D3-BF4B-00C04F79EFBC}") = "Suporte.BancoDeDados", "Suporte.BancoDeDados\Suporte.BancoDeDados.csproj", "{2096FACC-8D8B-444F-B210-B01AEFEEA596}"
EndProject
Project("{FAE04EC0-301F-11D3-BF4B-00C04F79EFBC}") = "FirebirdEmbedded20", "FirebirdEmbedded20\FirebirdEmbedded20.csproj", "{2B40AFEF-43CF-481E-98B1-776C2AAEEB5B}"
EndProject
Project("{FAE04EC0-301F-11D3-BF4B-00C04F79EFBC}") = "Suporte.Controles.MDI.WPF", "Suporte.Controles.MDI.WPF\Suporte.Controles.MDI.WPF.csproj", "{BE1ED569-5E0B-4DF0-8964-33AD2AAE4C4A}"
EndProject
Project("{FAE04EC0-301F-11D3-BF4B-00C04F79EFBC}") = "Suporte.Controles.WPF", "Suporte.Controles.WPF\Suporte.Controles.WPF.csproj", "{5985608C-0244-48C3-A1B2-634C129A2F19}"
EndProject
Project("{FAE04EC0-301F-11D3-BF4B-00C04F79EFBC}") = "Suporte.GuardaTudo", "Suporte.GuardaTudo\Suporte.GuardaTudo.csproj", "{6219A56D-C82D-48A2-8EB1-482AA4D1DAAC}"
EndProject
Project("{FAE04EC0-301F-11D3-BF4B-00C04F79EFBC}") = "Suporte.Relatorio", "Suporte.Relatorio\Suporte.Relatorio.csproj", "{5435CFAD-326B-4863-92FB-CAE2C10D15E4}"
EndProject
Project("{FAE04EC0-301F-11D3-BF4B-00C04F79EFBC}") = "Suporte.Relatorio.EvoHtmlToPdf", "Suporte.Relatorio.EvoHtmlToPdf\Suporte.Relatorio.EvoHtmlToPdf.csproj", "{D807F111-AB24-40A2-B146-22C57F90FEE9}"
EndProject
Project("{FAE04EC0-301F-11D3-BF4B-00C04F79EFBC}") = "Suporte.Relatorio.WnvHtmlToPdf", "Suporte.Relatorio.WnvHtmlToPdf\Suporte.Relatorio.WnvHtmlToPdf.csproj", "{F336C0F6-A6A5-4EE0-9058-CDE87F8DF152}"
EndProject
Project("{FAE04EC0-301F-11D3-BF4B-00C04F79EFBC}") = "Suporte.Controles.Forms", "Suporte.Controles.Forms\Suporte.Controles.Forms.csproj", "{56EA1258-B8CB-49BA-BAB3-B3ACBF7C136B}"
EndProject
Project("{FAE04EC0-301F-11D3-BF4B-00C04F79EFBC}") = "Suporte.Controles", "Suporte.Controles\Suporte.Controles.csproj", "{8274A2C8-7DBF-41CB-802B-890531C1CED3}"
EndProject
Project("{FAE04EC0-301F-11D3-BF4B-00C04F79EFBC}") = "FirebirdEmbedded25", "FirebirdEmbedded25\FirebirdEmbedded25.csproj", "{96C2A80B-8857-47B0-8F0F-A11682A62DC9}"
EndProject
Project("{FAE04EC0-301F-11D3-BF4B-00C04F79EFBC}") = "Suporte.Inutil", "Suporte.Inutil\Suporte.Inutil.csproj", "{90D0F470-1E4C-47E9-80D1-1059F80B446B}"
EndProject
Project("{FAE04EC0-301F-11D3-BF4B-00C04F79EFBC}") = "Suporte.Controles.Forms.ConstrutorDeFormula", "Suporte.Controles.Forms.ConstrutorDeFormula\Suporte.Controles.Forms.ConstrutorDeFormula.csproj", "{1B978FF9-C760-4C9F-A6AE-BCBBBB81B336}"
EndProject
Global
	GlobalSection(SolutionConfigurationPlatforms) = preSolution
		Debug|Any CPU = Debug|Any CPU
		Debug|Mixed Platforms = Debug|Mixed Platforms
		Debug|x86 = Debug|x86
		Release|Any CPU = Release|Any CPU
		Release|Mixed Platforms = Release|Mixed Platforms
		Release|x86 = Release|x86
	EndGlobalSection
	GlobalSection(ProjectConfigurationPlatforms) = postSolution
		{C8AF96AA-5FBD-403A-9DC4-8E9B20395ED2}.Debug|Any CPU.ActiveCfg = Debug|Any CPU
		{C8AF96AA-5FBD-403A-9DC4-8E9B20395ED2}.Debug|Any CPU.Build.0 = Debug|Any CPU
		{C8AF96AA-5FBD-403A-9DC4-8E9B20395ED2}.Debug|Mixed Platforms.ActiveCfg = Debug|Any CPU
		{C8AF96AA-5FBD-403A-9DC4-8E9B20395ED2}.Debug|Mixed Platforms.Build.0 = Debug|Any CPU
		{C8AF96AA-5FBD-403A-9DC4-8E9B20395ED2}.Debug|x86.ActiveCfg = Debug|Any CPU
		{C8AF96AA-5FBD-403A-9DC4-8E9B20395ED2}.Release|Any CPU.ActiveCfg = Release|Any CPU
		{C8AF96AA-5FBD-403A-9DC4-8E9B20395ED2}.Release|Any CPU.Build.0 = Release|Any CPU
		{C8AF96AA-5FBD-403A-9DC4-8E9B20395ED2}.Release|Mixed Platforms.ActiveCfg = Release|Any CPU
		{C8AF96AA-5FBD-403A-9DC4-8E9B20395ED2}.Release|Mixed Platforms.Build.0 = Release|Any CPU
		{C8AF96AA-5FBD-403A-9DC4-8E9B20395ED2}.Release|x86.ActiveCfg = Release|Any CPU
		{07931EAE-6369-4C53-8363-D3617217BEFE}.Debug|Any CPU.ActiveCfg = Debug|x86
		{07931EAE-6369-4C53-8363-D3617217BEFE}.Debug|Mixed Platforms.ActiveCfg = Debug|x86
		{07931EAE-6369-4C53-8363-D3617217BEFE}.Debug|Mixed Platforms.Build.0 = Debug|x86
		{07931EAE-6369-4C53-8363-D3617217BEFE}.Debug|x86.ActiveCfg = Debug|x86
		{07931EAE-6369-4C53-8363-D3617217BEFE}.Debug|x86.Build.0 = Debug|x86
		{07931EAE-6369-4C53-8363-D3617217BEFE}.Release|Any CPU.ActiveCfg = Release|x86
		{07931EAE-6369-4C53-8363-D3617217BEFE}.Release|Mixed Platforms.ActiveCfg = Release|x86
		{07931EAE-6369-4C53-8363-D3617217BEFE}.Release|Mixed Platforms.Build.0 = Release|x86
		{07931EAE-6369-4C53-8363-D3617217BEFE}.Release|x86.ActiveCfg = Release|x86
		{07931EAE-6369-4C53-8363-D3617217BEFE}.Release|x86.Build.0 = Release|x86
		{082379BD-53C2-4BE4-968E-254BF6E3B50F}.Debug|Any CPU.ActiveCfg = Debug|x86
		{082379BD-53C2-4BE4-968E-254BF6E3B50F}.Debug|Mixed Platforms.ActiveCfg = Debug|x86
		{082379BD-53C2-4BE4-968E-254BF6E3B50F}.Debug|Mixed Platforms.Build.0 = Debug|x86
		{082379BD-53C2-4BE4-968E-254BF6E3B50F}.Debug|x86.ActiveCfg = Debug|x86
		{082379BD-53C2-4BE4-968E-254BF6E3B50F}.Debug|x86.Build.0 = Debug|x86
		{082379BD-53C2-4BE4-968E-254BF6E3B50F}.Release|Any CPU.ActiveCfg = Release|x86
		{082379BD-53C2-4BE4-968E-254BF6E3B50F}.Release|Mixed Platforms.ActiveCfg = Release|x86
		{082379BD-53C2-4BE4-968E-254BF6E3B50F}.Release|Mixed Platforms.Build.0 = Release|x86
		{082379BD-53C2-4BE4-968E-254BF6E3B50F}.Release|x86.ActiveCfg = Release|x86
		{082379BD-53C2-4BE4-968E-254BF6E3B50F}.Release|x86.Build.0 = Release|x86
		{BD91F2A9-ED55-453A-9A73-3960479F77B1}.Debug|Any CPU.ActiveCfg = Debug|x86
		{BD91F2A9-ED55-453A-9A73-3960479F77B1}.Debug|Mixed Platforms.ActiveCfg = Debug|x86
		{BD91F2A9-ED55-453A-9A73-3960479F77B1}.Debug|Mixed Platforms.Build.0 = Debug|x86
		{BD91F2A9-ED55-453A-9A73-3960479F77B1}.Debug|x86.ActiveCfg = Debug|x86
		{BD91F2A9-ED55-453A-9A73-3960479F77B1}.Debug|x86.Build.0 = Debug|x86
		{BD91F2A9-ED55-453A-9A73-3960479F77B1}.Release|Any CPU.ActiveCfg = Release|x86
		{BD91F2A9-ED55-453A-9A73-3960479F77B1}.Release|Mixed Platforms.ActiveCfg = Release|x86
		{BD91F2A9-ED55-453A-9A73-3960479F77B1}.Release|Mixed Platforms.Build.0 = Release|x86
		{BD91F2A9-ED55-453A-9A73-3960479F77B1}.Release|x86.ActiveCfg = Release|x86
		{BD91F2A9-ED55-453A-9A73-3960479F77B1}.Release|x86.Build.0 = Release|x86
		{E8FBF2B2-119D-41F7-8662-6866559DFC3D}.Debug|Any CPU.ActiveCfg = Debug|Any CPU
		{E8FBF2B2-119D-41F7-8662-6866559DFC3D}.Debug|Any CPU.Build.0 = Debug|Any CPU
		{E8FBF2B2-119D-41F7-8662-6866559DFC3D}.Debug|Mixed Platforms.ActiveCfg = Debug|Any CPU
		{E8FBF2B2-119D-41F7-8662-6866559DFC3D}.Debug|Mixed Platforms.Build.0 = Debug|Any CPU
		{E8FBF2B2-119D-41F7-8662-6866559DFC3D}.Debug|x86.ActiveCfg = Debug|Any CPU
		{E8FBF2B2-119D-41F7-8662-6866559DFC3D}.Release|Any CPU.ActiveCfg = Release|Any CPU
		{E8FBF2B2-119D-41F7-8662-6866559DFC3D}.Release|Any CPU.Build.0 = Release|Any CPU
		{E8FBF2B2-119D-41F7-8662-6866559DFC3D}.Release|Mixed Platforms.ActiveCfg = Release|Any CPU
		{E8FBF2B2-119D-41F7-8662-6866559DFC3D}.Release|Mixed Platforms.Build.0 = Release|Any CPU
		{E8FBF2B2-119D-41F7-8662-6866559DFC3D}.Release|x86.ActiveCfg = Release|Any CPU
		{9C26EF12-A6BB-4C08-9524-85E829A60714}.Debug|Any CPU.ActiveCfg = Debug|Any CPU
		{9C26EF12-A6BB-4C08-9524-85E829A60714}.Debug|Any CPU.Build.0 = Debug|Any CPU
		{9C26EF12-A6BB-4C08-9524-85E829A60714}.Debug|Mixed Platforms.ActiveCfg = Debug|Any CPU
		{9C26EF12-A6BB-4C08-9524-85E829A60714}.Debug|Mixed Platforms.Build.0 = Debug|Any CPU
		{9C26EF12-A6BB-4C08-9524-85E829A60714}.Debug|x86.ActiveCfg = Debug|Any CPU
		{9C26EF12-A6BB-4C08-9524-85E829A60714}.Release|Any CPU.ActiveCfg = Release|Any CPU
		{9C26EF12-A6BB-4C08-9524-85E829A60714}.Release|Any CPU.Build.0 = Release|Any CPU
		{9C26EF12-A6BB-4C08-9524-85E829A60714}.Release|Mixed Platforms.ActiveCfg = Release|Any CPU
		{9C26EF12-A6BB-4C08-9524-85E829A60714}.Release|Mixed Platforms.Build.0 = Release|Any CPU
		{9C26EF12-A6BB-4C08-9524-85E829A60714}.Release|x86.ActiveCfg = Release|Any CPU
		{12392677-5F03-4EEC-ACEB-86ED4C2A6026}.Debug|Any CPU.ActiveCfg = Debug|Any CPU
		{12392677-5F03-4EEC-ACEB-86ED4C2A6026}.Debug|Any CPU.Build.0 = Debug|Any CPU
		{12392677-5F03-4EEC-ACEB-86ED4C2A6026}.Debug|Mixed Platforms.ActiveCfg = Debug|Any CPU
		{12392677-5F03-4EEC-ACEB-86ED4C2A6026}.Debug|Mixed Platforms.Build.0 = Debug|Any CPU
		{12392677-5F03-4EEC-ACEB-86ED4C2A6026}.Debug|x86.ActiveCfg = Debug|Any CPU
		{12392677-5F03-4EEC-ACEB-86ED4C2A6026}.Release|Any CPU.ActiveCfg = Release|Any CPU
		{12392677-5F03-4EEC-ACEB-86ED4C2A6026}.Release|Any CPU.Build.0 = Release|Any CPU
		{12392677-5F03-4EEC-ACEB-86ED4C2A6026}.Release|Mixed Platforms.ActiveCfg = Release|Any CPU
		{12392677-5F03-4EEC-ACEB-86ED4C2A6026}.Release|Mixed Platforms.Build.0 = Release|Any CPU
		{12392677-5F03-4EEC-ACEB-86ED4C2A6026}.Release|x86.ActiveCfg = Release|Any CPU
		{64E8E9C5-E990-4A67-8564-1A3C32C117B8}.Debug|Any CPU.ActiveCfg = Debug|Any CPU
		{64E8E9C5-E990-4A67-8564-1A3C32C117B8}.Debug|Any CPU.Build.0 = Debug|Any CPU
		{64E8E9C5-E990-4A67-8564-1A3C32C117B8}.Debug|Mixed Platforms.ActiveCfg = Debug|Any CPU
		{64E8E9C5-E990-4A67-8564-1A3C32C117B8}.Debug|Mixed Platforms.Build.0 = Debug|Any CPU
		{64E8E9C5-E990-4A67-8564-1A3C32C117B8}.Debug|x86.ActiveCfg = Debug|Any CPU
		{64E8E9C5-E990-4A67-8564-1A3C32C117B8}.Release|Any CPU.ActiveCfg = Release|Any CPU
		{64E8E9C5-E990-4A67-8564-1A3C32C117B8}.Release|Any CPU.Build.0 = Release|Any CPU
		{64E8E9C5-E990-4A67-8564-1A3C32C117B8}.Release|Mixed Platforms.ActiveCfg = Release|Any CPU
		{64E8E9C5-E990-4A67-8564-1A3C32C117B8}.Release|Mixed Platforms.Build.0 = Release|Any CPU
		{64E8E9C5-E990-4A67-8564-1A3C32C117B8}.Release|x86.ActiveCfg = Release|Any CPU
		{AD26826C-FFEC-4101-B7F9-8317303A0A92}.Debug|Any CPU.ActiveCfg = Debug|Any CPU
		{AD26826C-FFEC-4101-B7F9-8317303A0A92}.Debug|Any CPU.Build.0 = Debug|Any CPU
		{AD26826C-FFEC-4101-B7F9-8317303A0A92}.Debug|Mixed Platforms.ActiveCfg = Debug|Any CPU
		{AD26826C-FFEC-4101-B7F9-8317303A0A92}.Debug|Mixed Platforms.Build.0 = Debug|Any CPU
		{AD26826C-FFEC-4101-B7F9-8317303A0A92}.Debug|x86.ActiveCfg = Debug|Any CPU
		{AD26826C-FFEC-4101-B7F9-8317303A0A92}.Release|Any CPU.ActiveCfg = Release|Any CPU
		{AD26826C-FFEC-4101-B7F9-8317303A0A92}.Release|Any CPU.Build.0 = Release|Any CPU
		{AD26826C-FFEC-4101-B7F9-8317303A0A92}.Release|Mixed Platforms.ActiveCfg = Release|Any CPU
		{AD26826C-FFEC-4101-B7F9-8317303A0A92}.Release|Mixed Platforms.Build.0 = Release|Any CPU
		{AD26826C-FFEC-4101-B7F9-8317303A0A92}.Release|x86.ActiveCfg = Release|Any CPU
		{AC3B6608-6B58-49B4-83C4-7ED834B0B817}.Debug|Any CPU.ActiveCfg = Debug|Any CPU
		{AC3B6608-6B58-49B4-83C4-7ED834B0B817}.Debug|Any CPU.Build.0 = Debug|Any CPU
		{AC3B6608-6B58-49B4-83C4-7ED834B0B817}.Debug|Mixed Platforms.ActiveCfg = Debug|Any CPU
		{AC3B6608-6B58-49B4-83C4-7ED834B0B817}.Debug|Mixed Platforms.Build.0 = Debug|Any CPU
		{AC3B6608-6B58-49B4-83C4-7ED834B0B817}.Debug|x86.ActiveCfg = Debug|Any CPU
		{AC3B6608-6B58-49B4-83C4-7ED834B0B817}.Release|Any CPU.ActiveCfg = Release|Any CPU
		{AC3B6608-6B58-49B4-83C4-7ED834B0B817}.Release|Any CPU.Build.0 = Release|Any CPU
		{AC3B6608-6B58-49B4-83C4-7ED834B0B817}.Release|Mixed Platforms.ActiveCfg = Release|Any CPU
		{AC3B6608-6B58-49B4-83C4-7ED834B0B817}.Release|Mixed Platforms.Build.0 = Release|Any CPU
		{AC3B6608-6B58-49B4-83C4-7ED834B0B817}.Release|x86.ActiveCfg = Release|Any CPU
		{2096FACC-8D8B-444F-B210-B01AEFEEA596}.Debug|Any CPU.ActiveCfg = Debug|Any CPU
		{2096FACC-8D8B-444F-B210-B01AEFEEA596}.Debug|Any CPU.Build.0 = Debug|Any CPU
		{2096FACC-8D8B-444F-B210-B01AEFEEA596}.Debug|Mixed Platforms.ActiveCfg = Debug|Any CPU
		{2096FACC-8D8B-444F-B210-B01AEFEEA596}.Debug|Mixed Platforms.Build.0 = Debug|Any CPU
		{2096FACC-8D8B-444F-B210-B01AEFEEA596}.Debug|x86.ActiveCfg = Debug|Any CPU
		{2096FACC-8D8B-444F-B210-B01AEFEEA596}.Release|Any CPU.ActiveCfg = Release|Any CPU
		{2096FACC-8D8B-444F-B210-B01AEFEEA596}.Release|Any CPU.Build.0 = Release|Any CPU
		{2096FACC-8D8B-444F-B210-B01AEFEEA596}.Release|Mixed Platforms.ActiveCfg = Release|Any CPU
		{2096FACC-8D8B-444F-B210-B01AEFEEA596}.Release|Mixed Platforms.Build.0 = Release|Any CPU
		{2096FACC-8D8B-444F-B210-B01AEFEEA596}.Release|x86.ActiveCfg = Release|Any CPU
		{2B40AFEF-43CF-481E-98B1-776C2AAEEB5B}.Debug|Any CPU.ActiveCfg = Debug|Any CPU
		{2B40AFEF-43CF-481E-98B1-776C2AAEEB5B}.Debug|Any CPU.Build.0 = Debug|Any CPU
		{2B40AFEF-43CF-481E-98B1-776C2AAEEB5B}.Debug|Mixed Platforms.ActiveCfg = Debug|Any CPU
		{2B40AFEF-43CF-481E-98B1-776C2AAEEB5B}.Debug|Mixed Platforms.Build.0 = Debug|Any CPU
		{2B40AFEF-43CF-481E-98B1-776C2AAEEB5B}.Debug|x86.ActiveCfg = Debug|Any CPU
		{2B40AFEF-43CF-481E-98B1-776C2AAEEB5B}.Release|Any CPU.ActiveCfg = Release|Any CPU
		{2B40AFEF-43CF-481E-98B1-776C2AAEEB5B}.Release|Any CPU.Build.0 = Release|Any CPU
		{2B40AFEF-43CF-481E-98B1-776C2AAEEB5B}.Release|Mixed Platforms.ActiveCfg = Release|Any CPU
		{2B40AFEF-43CF-481E-98B1-776C2AAEEB5B}.Release|Mixed Platforms.Build.0 = Release|Any CPU
		{2B40AFEF-43CF-481E-98B1-776C2AAEEB5B}.Release|x86.ActiveCfg = Release|Any CPU
		{BE1ED569-5E0B-4DF0-8964-33AD2AAE4C4A}.Debug|Any CPU.ActiveCfg = Debug|Any CPU
		{BE1ED569-5E0B-4DF0-8964-33AD2AAE4C4A}.Debug|Any CPU.Build.0 = Debug|Any CPU
		{BE1ED569-5E0B-4DF0-8964-33AD2AAE4C4A}.Debug|Mixed Platforms.ActiveCfg = Debug|Any CPU
		{BE1ED569-5E0B-4DF0-8964-33AD2AAE4C4A}.Debug|Mixed Platforms.Build.0 = Debug|Any CPU
		{BE1ED569-5E0B-4DF0-8964-33AD2AAE4C4A}.Debug|x86.ActiveCfg = Debug|Any CPU
		{BE1ED569-5E0B-4DF0-8964-33AD2AAE4C4A}.Release|Any CPU.ActiveCfg = Release|Any CPU
		{BE1ED569-5E0B-4DF0-8964-33AD2AAE4C4A}.Release|Any CPU.Build.0 = Release|Any CPU
		{BE1ED569-5E0B-4DF0-8964-33AD2AAE4C4A}.Release|Mixed Platforms.ActiveCfg = Release|Any CPU
		{BE1ED569-5E0B-4DF0-8964-33AD2AAE4C4A}.Release|Mixed Platforms.Build.0 = Release|Any CPU
		{BE1ED569-5E0B-4DF0-8964-33AD2AAE4C4A}.Release|x86.ActiveCfg = Release|Any CPU
		{5985608C-0244-48C3-A1B2-634C129A2F19}.Debug|Any CPU.ActiveCfg = Debug|Any CPU
		{5985608C-0244-48C3-A1B2-634C129A2F19}.Debug|Any CPU.Build.0 = Debug|Any CPU
		{5985608C-0244-48C3-A1B2-634C129A2F19}.Debug|Mixed Platforms.ActiveCfg = Debug|Any CPU
		{5985608C-0244-48C3-A1B2-634C129A2F19}.Debug|Mixed Platforms.Build.0 = Debug|Any CPU
		{5985608C-0244-48C3-A1B2-634C129A2F19}.Debug|x86.ActiveCfg = Debug|Any CPU
		{5985608C-0244-48C3-A1B2-634C129A2F19}.Release|Any CPU.ActiveCfg = Release|Any CPU
		{5985608C-0244-48C3-A1B2-634C129A2F19}.Release|Any CPU.Build.0 = Release|Any CPU
		{5985608C-0244-48C3-A1B2-634C129A2F19}.Release|Mixed Platforms.ActiveCfg = Release|Any CPU
		{5985608C-0244-48C3-A1B2-634C129A2F19}.Release|Mixed Platforms.Build.0 = Release|Any CPU
		{5985608C-0244-48C3-A1B2-634C129A2F19}.Release|x86.ActiveCfg = Release|Any CPU
		{6219A56D-C82D-48A2-8EB1-482AA4D1DAAC}.Debug|Any CPU.ActiveCfg = Debug|Any CPU
		{6219A56D-C82D-48A2-8EB1-482AA4D1DAAC}.Debug|Any CPU.Build.0 = Debug|Any CPU
		{6219A56D-C82D-48A2-8EB1-482AA4D1DAAC}.Debug|Mixed Platforms.ActiveCfg = Debug|Any CPU
		{6219A56D-C82D-48A2-8EB1-482AA4D1DAAC}.Debug|Mixed Platforms.Build.0 = Debug|Any CPU
		{6219A56D-C82D-48A2-8EB1-482AA4D1DAAC}.Debug|x86.ActiveCfg = Debug|Any CPU
		{6219A56D-C82D-48A2-8EB1-482AA4D1DAAC}.Release|Any CPU.ActiveCfg = Release|Any CPU
		{6219A56D-C82D-48A2-8EB1-482AA4D1DAAC}.Release|Any CPU.Build.0 = Release|Any CPU
		{6219A56D-C82D-48A2-8EB1-482AA4D1DAAC}.Release|Mixed Platforms.ActiveCfg = Release|Any CPU
		{6219A56D-C82D-48A2-8EB1-482AA4D1DAAC}.Release|Mixed Platforms.Build.0 = Release|Any CPU
		{6219A56D-C82D-48A2-8EB1-482AA4D1DAAC}.Release|x86.ActiveCfg = Release|Any CPU
		{5435CFAD-326B-4863-92FB-CAE2C10D15E4}.Debug|Any CPU.ActiveCfg = Debug|Any CPU
		{5435CFAD-326B-4863-92FB-CAE2C10D15E4}.Debug|Any CPU.Build.0 = Debug|Any CPU
		{5435CFAD-326B-4863-92FB-CAE2C10D15E4}.Debug|Mixed Platforms.ActiveCfg = Debug|Any CPU
		{5435CFAD-326B-4863-92FB-CAE2C10D15E4}.Debug|Mixed Platforms.Build.0 = Debug|Any CPU
		{5435CFAD-326B-4863-92FB-CAE2C10D15E4}.Debug|x86.ActiveCfg = Debug|Any CPU
		{5435CFAD-326B-4863-92FB-CAE2C10D15E4}.Release|Any CPU.ActiveCfg = Release|Any CPU
		{5435CFAD-326B-4863-92FB-CAE2C10D15E4}.Release|Any CPU.Build.0 = Release|Any CPU
		{5435CFAD-326B-4863-92FB-CAE2C10D15E4}.Release|Mixed Platforms.ActiveCfg = Release|Any CPU
		{5435CFAD-326B-4863-92FB-CAE2C10D15E4}.Release|Mixed Platforms.Build.0 = Release|Any CPU
		{5435CFAD-326B-4863-92FB-CAE2C10D15E4}.Release|x86.ActiveCfg = Release|Any CPU
		{D807F111-AB24-40A2-B146-22C57F90FEE9}.Debug|Any CPU.ActiveCfg = Debug|Any CPU
		{D807F111-AB24-40A2-B146-22C57F90FEE9}.Debug|Any CPU.Build.0 = Debug|Any CPU
		{D807F111-AB24-40A2-B146-22C57F90FEE9}.Debug|Mixed Platforms.ActiveCfg = Debug|Any CPU
		{D807F111-AB24-40A2-B146-22C57F90FEE9}.Debug|Mixed Platforms.Build.0 = Debug|Any CPU
		{D807F111-AB24-40A2-B146-22C57F90FEE9}.Debug|x86.ActiveCfg = Debug|Any CPU
		{D807F111-AB24-40A2-B146-22C57F90FEE9}.Release|Any CPU.ActiveCfg = Release|Any CPU
		{D807F111-AB24-40A2-B146-22C57F90FEE9}.Release|Any CPU.Build.0 = Release|Any CPU
		{D807F111-AB24-40A2-B146-22C57F90FEE9}.Release|Mixed Platforms.ActiveCfg = Release|Any CPU
		{D807F111-AB24-40A2-B146-22C57F90FEE9}.Release|Mixed Platforms.Build.0 = Release|Any CPU
		{D807F111-AB24-40A2-B146-22C57F90FEE9}.Release|x86.ActiveCfg = Release|Any CPU
		{F336C0F6-A6A5-4EE0-9058-CDE87F8DF152}.Debug|Any CPU.ActiveCfg = Debug|Any CPU
		{F336C0F6-A6A5-4EE0-9058-CDE87F8DF152}.Debug|Any CPU.Build.0 = Debug|Any CPU
		{F336C0F6-A6A5-4EE0-9058-CDE87F8DF152}.Debug|Mixed Platforms.ActiveCfg = Debug|Any CPU
		{F336C0F6-A6A5-4EE0-9058-CDE87F8DF152}.Debug|Mixed Platforms.Build.0 = Debug|Any CPU
		{F336C0F6-A6A5-4EE0-9058-CDE87F8DF152}.Debug|x86.ActiveCfg = Debug|Any CPU
		{F336C0F6-A6A5-4EE0-9058-CDE87F8DF152}.Release|Any CPU.ActiveCfg = Release|Any CPU
		{F336C0F6-A6A5-4EE0-9058-CDE87F8DF152}.Release|Any CPU.Build.0 = Release|Any CPU
		{F336C0F6-A6A5-4EE0-9058-CDE87F8DF152}.Release|Mixed Platforms.ActiveCfg = Release|Any CPU
		{F336C0F6-A6A5-4EE0-9058-CDE87F8DF152}.Release|Mixed Platforms.Build.0 = Release|Any CPU
		{F336C0F6-A6A5-4EE0-9058-CDE87F8DF152}.Release|x86.ActiveCfg = Release|Any CPU
		{56EA1258-B8CB-49BA-BAB3-B3ACBF7C136B}.Debug|Any CPU.ActiveCfg = Debug|x86
		{56EA1258-B8CB-49BA-BAB3-B3ACBF7C136B}.Debug|Mixed Platforms.ActiveCfg = Debug|x86
		{56EA1258-B8CB-49BA-BAB3-B3ACBF7C136B}.Debug|Mixed Platforms.Build.0 = Debug|x86
		{56EA1258-B8CB-49BA-BAB3-B3ACBF7C136B}.Debug|x86.ActiveCfg = Debug|x86
		{56EA1258-B8CB-49BA-BAB3-B3ACBF7C136B}.Debug|x86.Build.0 = Debug|x86
		{56EA1258-B8CB-49BA-BAB3-B3ACBF7C136B}.Release|Any CPU.ActiveCfg = Release|x86
		{56EA1258-B8CB-49BA-BAB3-B3ACBF7C136B}.Release|Mixed Platforms.ActiveCfg = Release|x86
		{56EA1258-B8CB-49BA-BAB3-B3ACBF7C136B}.Release|Mixed Platforms.Build.0 = Release|x86
		{56EA1258-B8CB-49BA-BAB3-B3ACBF7C136B}.Release|x86.ActiveCfg = Release|x86
		{56EA1258-B8CB-49BA-BAB3-B3ACBF7C136B}.Release|x86.Build.0 = Release|x86
		{8274A2C8-7DBF-41CB-802B-890531C1CED3}.Debug|Any CPU.ActiveCfg = Debug|x86
		{8274A2C8-7DBF-41CB-802B-890531C1CED3}.Debug|Mixed Platforms.ActiveCfg = Debug|x86
		{8274A2C8-7DBF-41CB-802B-890531C1CED3}.Debug|Mixed Platforms.Build.0 = Debug|x86
		{8274A2C8-7DBF-41CB-802B-890531C1CED3}.Debug|x86.ActiveCfg = Debug|x86
		{8274A2C8-7DBF-41CB-802B-890531C1CED3}.Debug|x86.Build.0 = Debug|x86
		{8274A2C8-7DBF-41CB-802B-890531C1CED3}.Release|Any CPU.ActiveCfg = Release|x86
		{8274A2C8-7DBF-41CB-802B-890531C1CED3}.Release|Mixed Platforms.ActiveCfg = Release|x86
		{8274A2C8-7DBF-41CB-802B-890531C1CED3}.Release|Mixed Platforms.Build.0 = Release|x86
		{8274A2C8-7DBF-41CB-802B-890531C1CED3}.Release|x86.ActiveCfg = Release|x86
		{8274A2C8-7DBF-41CB-802B-890531C1CED3}.Release|x86.Build.0 = Release|x86
		{96C2A80B-8857-47B0-8F0F-A11682A62DC9}.Debug|Any CPU.ActiveCfg = Debug|Any CPU
		{96C2A80B-8857-47B0-8F0F-A11682A62DC9}.Debug|Any CPU.Build.0 = Debug|Any CPU
		{96C2A80B-8857-47B0-8F0F-A11682A62DC9}.Debug|Mixed Platforms.ActiveCfg = Debug|Any CPU
		{96C2A80B-8857-47B0-8F0F-A11682A62DC9}.Debug|Mixed Platforms.Build.0 = Debug|Any CPU
		{96C2A80B-8857-47B0-8F0F-A11682A62DC9}.Debug|x86.ActiveCfg = Debug|Any CPU
		{96C2A80B-8857-47B0-8F0F-A11682A62DC9}.Release|Any CPU.ActiveCfg = Release|Any CPU
		{96C2A80B-8857-47B0-8F0F-A11682A62DC9}.Release|Any CPU.Build.0 = Release|Any CPU
		{96C2A80B-8857-47B0-8F0F-A11682A62DC9}.Release|Mixed Platforms.ActiveCfg = Release|Any CPU
		{96C2A80B-8857-47B0-8F0F-A11682A62DC9}.Release|Mixed Platforms.Build.0 = Release|Any CPU
		{96C2A80B-8857-47B0-8F0F-A11682A62DC9}.Release|x86.ActiveCfg = Release|Any CPU
		{90D0F470-1E4C-47E9-80D1-1059F80B446B}.Debug|Any CPU.ActiveCfg = Debug|Any CPU
		{90D0F470-1E4C-47E9-80D1-1059F80B446B}.Debug|Any CPU.Build.0 = Debug|Any CPU
		{90D0F470-1E4C-47E9-80D1-1059F80B446B}.Debug|Mixed Platforms.ActiveCfg = Debug|Any CPU
		{90D0F470-1E4C-47E9-80D1-1059F80B446B}.Debug|Mixed Platforms.Build.0 = Debug|Any CPU
		{90D0F470-1E4C-47E9-80D1-1059F80B446B}.Debug|x86.ActiveCfg = Debug|Any CPU
		{90D0F470-1E4C-47E9-80D1-1059F80B446B}.Release|Any CPU.ActiveCfg = Release|Any CPU
		{90D0F470-1E4C-47E9-80D1-1059F80B446B}.Release|Any CPU.Build.0 = Release|Any CPU
		{90D0F470-1E4C-47E9-80D1-1059F80B446B}.Release|Mixed Platforms.ActiveCfg = Release|Any CPU
		{90D0F470-1E4C-47E9-80D1-1059F80B446B}.Release|Mixed Platforms.Build.0 = Release|Any CPU
		{90D0F470-1E4C-47E9-80D1-1059F80B446B}.Release|x86.ActiveCfg = Release|Any CPU
		{1B978FF9-C760-4C9F-A6AE-BCBBBB81B336}.Debug|Any CPU.ActiveCfg = Debug|x86
		{1B978FF9-C760-4C9F-A6AE-BCBBBB81B336}.Debug|Mixed Platforms.ActiveCfg = Debug|x86
		{1B978FF9-C760-4C9F-A6AE-BCBBBB81B336}.Debug|Mixed Platforms.Build.0 = Debug|x86
		{1B978FF9-C760-4C9F-A6AE-BCBBBB81B336}.Debug|x86.ActiveCfg = Debug|x86
		{1B978FF9-C760-4C9F-A6AE-BCBBBB81B336}.Debug|x86.Build.0 = Debug|x86
		{1B978FF9-C760-4C9F-A6AE-BCBBBB81B336}.Release|Any CPU.ActiveCfg = Release|x86
		{1B978FF9-C760-4C9F-A6AE-BCBBBB81B336}.Release|Mixed Platforms.ActiveCfg = Release|x86
		{1B978FF9-C760-4C9F-A6AE-BCBBBB81B336}.Release|Mixed Platforms.Build.0 = Release|x86
		{1B978FF9-C760-4C9F-A6AE-BCBBBB81B336}.Release|x86.ActiveCfg = Release|x86
		{1B978FF9-C760-4C9F-A6AE-BCBBBB81B336}.Release|x86.Build.0 = Release|x86
	EndGlobalSection
	GlobalSection(SolutionProperties) = preSolution
		HideSolutionNode = FALSE
	EndGlobalSection
EndGlobal
